
Microsoft Visual Studio Solution File, Format Version 12.00
# Visual Studio 14
VisualStudioVersion = 14.0.25420.1
MinimumVisualStudioVersion = 10.0.40219.1
Project("{FAE04EC0-301F-11D3-BF4B-00C04F79EFBC}") = "PrismWpfDemo.Client", "PrismWpfDemo.Client\PrismWpfDemo.Client.csproj", "{2ECAE99F-0F77-4BF0-9090-E69E4DB05B51}"
EndProject
Project("{2150E333-8FDC-42A3-9474-1A3956D46DE8}") = "Modules", "Modules", "{87A5F97A-340E-4D00-B04E-AEF13FD1E98E}"
EndProject
Project("{FAE04EC0-301F-11D3-BF4B-00C04F79EFBC}") = "PrismWpfDemo.Movie", "Modules\PrismWpfDemo.Movie\PrismWpfDemo.Movie.csproj", "{8239316E-14F0-422A-95F5-96E357B68D00}"
EndProject
Project("{FAE04EC0-301F-11D3-BF4B-00C04F79EFBC}") = "PrismWpfDemo.Infrastructures", "PrismWpfDemo.Infrastructures\PrismWpfDemo.Infrastructures.csproj", "{E79F045C-D18A-48C8-9159-98DFBB6DC2E0}"
EndProject
Project("{2150E333-8FDC-42A3-9474-1A3956D46DE8}") = "Domain", "Domain", "{96CA0C34-D251-4828-9334-1FA86C63E1EB}"
EndProject
Project("{FAE04EC0-301F-11D3-BF4B-00C04F79EFBC}") = "PrismWpfDemo.Domain", "Domain\PrismWpfDemo.Domain\PrismWpfDemo.Domain.csproj", "{70BC8687-A730-439B-B0CF-9BFFA0108993}"
EndProject
Project("{FAE04EC0-301F-11D3-BF4B-00C04F79EFBC}") = "PrismWpfDemo.Business.Interfaces", "Domain\PrismWpfDemo.Business.Interfaces\PrismWpfDemo.Business.Interfaces.csproj", "{4AF4AC66-45D3-461C-B089-D2934C2F79D2}"
EndProject
Project("{FAE04EC0-301F-11D3-BF4B-00C04F79EFBC}") = "PrismWpfDemo.Services", "Modules\PrismWpfDemo.Services\PrismWpfDemo.Services.csproj", "{A316A95F-1768-425A-9602-D150803F58EB}"
EndProject
Global
	GlobalSection(SolutionConfigurationPlatforms) = preSolution
		Debug|Any CPU = Debug|Any CPU
		Release|Any CPU = Release|Any CPU
	EndGlobalSection
	GlobalSection(ProjectConfigurationPlatforms) = postSolution
		{2ECAE99F-0F77-4BF0-9090-E69E4DB05B51}.Debug|Any CPU.ActiveCfg = Debug|Any CPU
		{2ECAE99F-0F77-4BF0-9090-E69E4DB05B51}.Debug|Any CPU.Build.0 = Debug|Any CPU
		{2ECAE99F-0F77-4BF0-9090-E69E4DB05B51}.Release|Any CPU.ActiveCfg = Release|Any CPU
		{2ECAE99F-0F77-4BF0-9090-E69E4DB05B51}.Release|Any CPU.Build.0 = Release|Any CPU
		{8239316E-14F0-422A-95F5-96E357B68D00}.Debug|Any CPU.ActiveCfg = Debug|Any CPU
		{8239316E-14F0-422A-95F5-96E357B68D00}.Debug|Any CPU.Build.0 = Debug|Any CPU
		{8239316E-14F0-422A-95F5-96E357B68D00}.Release|Any CPU.ActiveCfg = Release|Any CPU
		{8239316E-14F0-422A-95F5-96E357B68D00}.Release|Any CPU.Build.0 = Release|Any CPU
		{E79F045C-D18A-48C8-9159-98DFBB6DC2E0}.Debug|Any CPU.ActiveCfg = Debug|Any CPU
		{E79F045C-D18A-48C8-9159-98DFBB6DC2E0}.Debug|Any CPU.Build.0 = Debug|Any CPU
		{E79F045C-D18A-48C8-9159-98DFBB6DC2E0}.Release|Any CPU.ActiveCfg = Release|Any CPU
		{E79F045C-D18A-48C8-9159-98DFBB6DC2E0}.Release|Any CPU.Build.0 = Release|Any CPU
		{70BC8687-A730-439B-B0CF-9BFFA0108993}.Debug|Any CPU.ActiveCfg = Debug|Any CPU
		{70BC8687-A730-439B-B0CF-9BFFA0108993}.Debug|Any CPU.Build.0 = Debug|Any CPU
		{70BC8687-A730-439B-B0CF-9BFFA0108993}.Release|Any CPU.ActiveCfg = Release|Any CPU
		{70BC8687-A730-439B-B0CF-9BFFA0108993}.Release|Any CPU.Build.0 = Release|Any CPU
		{4AF4AC66-45D3-461C-B089-D2934C2F79D2}.Debug|Any CPU.ActiveCfg = Debug|Any CPU
		{4AF4AC66-45D3-461C-B089-D2934C2F79D2}.Debug|Any CPU.Build.0 = Debug|Any CPU
		{4AF4AC66-45D3-461C-B089-D2934C2F79D2}.Release|Any CPU.ActiveCfg = Release|Any CPU
		{4AF4AC66-45D3-461C-B089-D2934C2F79D2}.Release|Any CPU.Build.0 = Release|Any CPU
		{A316A95F-1768-425A-9602-D150803F58EB}.Debug|Any CPU.ActiveCfg = Debug|Any CPU
		{A316A95F-1768-425A-9602-D150803F58EB}.Debug|Any CPU.Build.0 = Debug|Any CPU
		{A316A95F-1768-425A-9602-D150803F58EB}.Release|Any CPU.ActiveCfg = Release|Any CPU
		{A316A95F-1768-425A-9602-D150803F58EB}.Release|Any CPU.Build.0 = Release|Any CPU
	EndGlobalSection
	GlobalSection(SolutionProperties) = preSolution
		HideSolutionNode = FALSE
	EndGlobalSection
	GlobalSection(NestedProjects) = preSolution
		{8239316E-14F0-422A-95F5-96E357B68D00} = {87A5F97A-340E-4D00-B04E-AEF13FD1E98E}
		{70BC8687-A730-439B-B0CF-9BFFA0108993} = {96CA0C34-D251-4828-9334-1FA86C63E1EB}
		{4AF4AC66-45D3-461C-B089-D2934C2F79D2} = {96CA0C34-D251-4828-9334-1FA86C63E1EB}
		{A316A95F-1768-425A-9602-D150803F58EB} = {87A5F97A-340E-4D00-B04E-AEF13FD1E98E}
	EndGlobalSection
EndGlobal
